
Microsoft Visual Studio Solution File, Format Version 12.00
# Visual Studio Version 17
VisualStudioVersion = 17.5.33516.290
MinimumVisualStudioVersion = 10.0.40219.1
Project("{FAE04EC0-301F-11D3-BF4B-00C04F79EFBC}") = "MyStore", "MyStore\MyStore.csproj", "{DC9978BB-A19C-48E1-8391-6657286E8AC8}"
EndProject
Global
	GlobalSection(SolutionConfigurationPlatforms) = preSolution
		Debug|Any CPU = Debug|Any CPU
		Release|Any CPU = Release|Any CPU
	EndGlobalSection
	GlobalSection(ProjectConfigurationPlatforms) = postSolution
		{DC9978BB-A19C-48E1-8391-6657286E8AC8}.Debug|Any CPU.ActiveCfg = Debug|Any CPU
		{DC9978BB-A19C-48E1-8391-6657286E8AC8}.Debug|Any CPU.Build.0 = Debug|Any CPU
		{DC9978BB-A19C-48E1-8391-6657286E8AC8}.Release|Any CPU.ActiveCfg = Release|Any CPU
		{DC9978BB-A19C-48E1-8391-6657286E8AC8}.Release|Any CPU.Build.0 = Release|Any CPU
	EndGlobalSection
	GlobalSection(SolutionProperties) = preSolution
		HideSolutionNode = FALSE
	EndGlobalSection
	GlobalSection(ExtensibilityGlobals) = postSolution
		SolutionGuid = {8CA17D80-69A7-4841-9F9A-CBD42CAE090F}
	EndGlobalSection
EndGlobal
